
Microsoft Visual Studio Solution File, Format Version 12.00
# Visual Studio Version 16
VisualStudioVersion = 16.0.29409.12
MinimumVisualStudioVersion = 10.0.40219.1
Project("{FAE04EC0-301F-11D3-BF4B-00C04F79EFBC}") = "OfficeDocuments.Excel", "src\OfficeDocuments.Excel\OfficeDocuments.Excel.csproj", "{60C8202F-D8DE-49DF-9AB0-E0CC5FF13A33}"
EndProject
Project("{FAE04EC0-301F-11D3-BF4B-00C04F79EFBC}") = "OfficeDocuments.Word", "src\OfficeDocuments.Word\OfficeDocuments.Word.csproj", "{92891E3E-05D7-44C0-B65D-53ACAF138A24}"
EndProject
Project("{FAE04EC0-301F-11D3-BF4B-00C04F79EFBC}") = "OfficeDocuments.Word.Tests", "test\OfficeDocuments.Word.Tests\OfficeDocuments.Word.Tests.csproj", "{55C0761C-1A09-4156-B773-88EA5A6D1D2C}"
EndProject
Project("{FAE04EC0-301F-11D3-BF4B-00C04F79EFBC}") = "OfficeDocuments.Excel.Tests", "test\OfficeDocuments.Excel.Tests\OfficeDocuments.Excel.Tests.csproj", "{30A17BBD-8010-4040-8695-BF1E494E8E00}"
EndProject
Project("{2150E333-8FDC-42A3-9474-1A3956D46DE8}") = "tests", "tests", "{1BCA3A2D-EEDB-4AAB-ACD4-C764E2BEE2A7}"
EndProject
Global
	GlobalSection(SolutionConfigurationPlatforms) = preSolution
		Debug|Any CPU = Debug|Any CPU
		Release|Any CPU = Release|Any CPU
	EndGlobalSection
	GlobalSection(ProjectConfigurationPlatforms) = postSolution
		{60C8202F-D8DE-49DF-9AB0-E0CC5FF13A33}.Debug|Any CPU.ActiveCfg = Debug|Any CPU
		{60C8202F-D8DE-49DF-9AB0-E0CC5FF13A33}.Debug|Any CPU.Build.0 = Debug|Any CPU
		{60C8202F-D8DE-49DF-9AB0-E0CC5FF13A33}.Release|Any CPU.ActiveCfg = Release|Any CPU
		{60C8202F-D8DE-49DF-9AB0-E0CC5FF13A33}.Release|Any CPU.Build.0 = Release|Any CPU
		{92891E3E-05D7-44C0-B65D-53ACAF138A24}.Debug|Any CPU.ActiveCfg = Debug|Any CPU
		{92891E3E-05D7-44C0-B65D-53ACAF138A24}.Debug|Any CPU.Build.0 = Debug|Any CPU
		{92891E3E-05D7-44C0-B65D-53ACAF138A24}.Release|Any CPU.ActiveCfg = Release|Any CPU
		{92891E3E-05D7-44C0-B65D-53ACAF138A24}.Release|Any CPU.Build.0 = Release|Any CPU
		{55C0761C-1A09-4156-B773-88EA5A6D1D2C}.Debug|Any CPU.ActiveCfg = Debug|Any CPU
		{55C0761C-1A09-4156-B773-88EA5A6D1D2C}.Debug|Any CPU.Build.0 = Debug|Any CPU
		{55C0761C-1A09-4156-B773-88EA5A6D1D2C}.Release|Any CPU.ActiveCfg = Release|Any CPU
		{55C0761C-1A09-4156-B773-88EA5A6D1D2C}.Release|Any CPU.Build.0 = Release|Any CPU
		{30A17BBD-8010-4040-8695-BF1E494E8E00}.Debug|Any CPU.ActiveCfg = Debug|Any CPU
		{30A17BBD-8010-4040-8695-BF1E494E8E00}.Debug|Any CPU.Build.0 = Debug|Any CPU
		{30A17BBD-8010-4040-8695-BF1E494E8E00}.Release|Any CPU.ActiveCfg = Release|Any CPU
		{30A17BBD-8010-4040-8695-BF1E494E8E00}.Release|Any CPU.Build.0 = Release|Any CPU
	EndGlobalSection
	GlobalSection(SolutionProperties) = preSolution
		HideSolutionNode = FALSE
	EndGlobalSection
	GlobalSection(ExtensibilityGlobals) = postSolution
		SolutionGuid = {8A5C3F1F-9C07-410E-B0C9-8CBF16C982EF}
	EndGlobalSection
	GlobalSection(NestedProjects) = preSolution
		{30A17BBD-8010-4040-8695-BF1E494E8E00} = {1BCA3A2D-EEDB-4AAB-ACD4-C764E2BEE2A7}
		{55C0761C-1A09-4156-B773-88EA5A6D1D2C} = {1BCA3A2D-EEDB-4AAB-ACD4-C764E2BEE2A7}
	EndGlobalSection
EndGlobal
