
Microsoft Visual Studio Solution File, Format Version 12.00
# Visual Studio 15
VisualStudioVersion = 15.0.28307.705
MinimumVisualStudioVersion = 10.0.40219.1
Project("{9A19103F-16F7-4668-BE54-9A1E7A4F7556}") = "OpenXmlApi", "OpenXmlApi\OpenXmlApi.csproj", "{641DE469-222F-4C98-A2DC-8EDD46C2A02E}"
EndProject
Project("{FAE04EC0-301F-11D3-BF4B-00C04F79EFBC}") = "OfficeDocumentsApi", "OfficeDocumentsApi\OfficeDocumentsApi.csproj", "{4FE50201-9FD6-4403-B2F8-53299EF97013}"
EndProject
Project("{FAE04EC0-301F-11D3-BF4B-00C04F79EFBC}") = "OfficeDocumentsApi.Test", "OfficeDocumentsApi.Test\OfficeDocumentsApi.Test.csproj", "{5121CA5F-1C11-44DB-BE18-973B2DEF9965}"
EndProject
Global
	GlobalSection(SolutionConfigurationPlatforms) = preSolution
		Debug|Any CPU = Debug|Any CPU
		Release|Any CPU = Release|Any CPU
	EndGlobalSection
	GlobalSection(ProjectConfigurationPlatforms) = postSolution
		{641DE469-222F-4C98-A2DC-8EDD46C2A02E}.Debug|Any CPU.ActiveCfg = Debug|Any CPU
		{641DE469-222F-4C98-A2DC-8EDD46C2A02E}.Debug|Any CPU.Build.0 = Debug|Any CPU
		{641DE469-222F-4C98-A2DC-8EDD46C2A02E}.Release|Any CPU.ActiveCfg = Release|Any CPU
		{641DE469-222F-4C98-A2DC-8EDD46C2A02E}.Release|Any CPU.Build.0 = Release|Any CPU
		{4FE50201-9FD6-4403-B2F8-53299EF97013}.Debug|Any CPU.ActiveCfg = Debug|Any CPU
		{4FE50201-9FD6-4403-B2F8-53299EF97013}.Debug|Any CPU.Build.0 = Debug|Any CPU
		{4FE50201-9FD6-4403-B2F8-53299EF97013}.Release|Any CPU.ActiveCfg = Release|Any CPU
		{4FE50201-9FD6-4403-B2F8-53299EF97013}.Release|Any CPU.Build.0 = Release|Any CPU
		{5121CA5F-1C11-44DB-BE18-973B2DEF9965}.Debug|Any CPU.ActiveCfg = Debug|Any CPU
		{5121CA5F-1C11-44DB-BE18-973B2DEF9965}.Debug|Any CPU.Build.0 = Debug|Any CPU
		{5121CA5F-1C11-44DB-BE18-973B2DEF9965}.Release|Any CPU.ActiveCfg = Release|Any CPU
		{5121CA5F-1C11-44DB-BE18-973B2DEF9965}.Release|Any CPU.Build.0 = Release|Any CPU
	EndGlobalSection
	GlobalSection(SolutionProperties) = preSolution
		HideSolutionNode = FALSE
	EndGlobalSection
	GlobalSection(ExtensibilityGlobals) = postSolution
		SolutionGuid = {8A5C3F1F-9C07-410E-B0C9-8CBF16C982EF}
	EndGlobalSection
EndGlobal
